{
    "_meta": {
        "hash": {
            "sha256": "b7ceea3d736305e5532d92f01676b11aaae4926c157cb7f7e41d88a312e33442"
        },
        "pipfile-spec": 6,
        "requires": {
            "python_version": "3.7"
        },
        "sources": [
            {
                "name": "pypi",
                "url": "https://pypi.org/simple",
                "verify_ssl": true
            }
        ]
    },
    "default": {
        "appdirs": {
            "hashes": [
                "sha256:9e5896d1372858f8dd3344faf4e5014d21849c756c8d5701f78f8a103b372d92",
                "sha256:d8b24664561d0d34ddfaec54636d502d7cea6e29c3eaf68f3df6180863e2166e"
            ],
            "version": "==1.4.3"
        },
        "filelock": {
            "hashes": [
                "sha256:18d82244ee114f543149c66a6e0c14e9c4f8a1044b5cdaadd0f82159d6a6ff59",
                "sha256:929b7d63ec5b7d6b71b0fa5ac14e030b3f70b75747cef1b10da9b879fef15836"
            ],
            "index": "pypi",
            "version": "==3.0.12"
        },
        "fs": {
            "hashes": [
                "sha256:cc99d476b500f993df8ef697b96dc70928ca2946a455c396a566efe021126767",
                "sha256:cd6b178f373a0370feac8612fd3c142aa6a5cadd3d471b525b08db4d3b511c9c"
            ],
            "index": "pypi",
            "version": "==2.4.11"
        },
        "fs-smbfs": {
            "hashes": [
                "sha256:c701f249f90bcdbea16e55236cb0823fda602b619daf8e2ad5ea98906d8e7f50"
            ],
            "index": "pypi",
            "version": "==0.5.2"
        },
        "pyasn1": {
            "hashes": [
                "sha256:62cdade8b5530f0b185e09855dd422bc05c0bbff6b72ff61381c09dac7befd8c",
                "sha256:a9495356ca1d66ed197a0f72b41eb1823cf7ea8b5bd07191673e8147aecf8604"
            ],
            "version": "==0.4.7"
        },
        "pysmb": {
            "hashes": [
                "sha256:8b364446a9998a7edc128bdf77e3281df613f4951beb69dbd221525f8748bbd3"
            ],
            "version": "==1.1.27"
        },
        "pytz": {
            "hashes": [
                "sha256:26c0b32e437e54a18161324a2fca3c4b9846b74a8dccddd843113109e1116b32",
                "sha256:c894d57500a4cd2d5c71114aaab77dbab5eabd9022308ce5ac9bb93a60a6f0c7"
            ],
            "version": "==2019.2"
        },
        "six": {
            "hashes": [
                "sha256:3350809f0555b11f552448330d0b52d5f24c91a322ea4a15ef22629740f3761c",
                "sha256:d16a0141ec1a18405cd4ce8b4613101da75da0e9a7aec5bdd4fa804d0e0eba73"
            ],
            "version": "==1.12.0"
        }
    },
    "develop": {}
}
